
Microsoft Visual Studio Solution File, Format Version 12.00
# Visual Studio Version 17
VisualStudioVersion = 17.6.33815.320
MinimumVisualStudioVersion = 10.0.40219.1
Project("{9A19103F-16F7-4668-BE54-9A1E7A4F7556}") = "Foul-Api", "Foul-Api\Foul-Api.csproj", "{F411DB9B-EDDD-41EF-829E-7A8C553B5B34}"
EndProject
Global
	GlobalSection(SolutionConfigurationPlatforms) = preSolution
		Debug|Any CPU = Debug|Any CPU
		Release|Any CPU = Release|Any CPU
	EndGlobalSection
	GlobalSection(ProjectConfigurationPlatforms) = postSolution
		{F411DB9B-EDDD-41EF-829E-7A8C553B5B34}.Debug|Any CPU.ActiveCfg = Debug|Any CPU
		{F411DB9B-EDDD-41EF-829E-7A8C553B5B34}.Debug|Any CPU.Build.0 = Debug|Any CPU
		{F411DB9B-EDDD-41EF-829E-7A8C553B5B34}.Release|Any CPU.ActiveCfg = Release|Any CPU
		{F411DB9B-EDDD-41EF-829E-7A8C553B5B34}.Release|Any CPU.Build.0 = Release|Any CPU
	EndGlobalSection
	GlobalSection(SolutionProperties) = preSolution
		HideSolutionNode = FALSE
	EndGlobalSection
	GlobalSection(ExtensibilityGlobals) = postSolution
		SolutionGuid = {A5475EB7-E52C-447D-ADF0-6B3A4E8986EA}
	EndGlobalSection
EndGlobal
