{
  "name": "Foul-Api",
  "lockfileVersion": 3,
  "requires": true,
  "packages": {
    "": {
      "dependencies": {
        "azure.core": "^8.0.0"
      }
    },
    "node_modules/azure.core": {
      "version": "8.0.0",
      "resolved": "https://registry.npmjs.org/azure.core/-/azure.core-8.0.0.tgz",
      "integrity": "sha512-LKmE52vCdI2z1+75ev2KAULnkJrXCd4phHrq0itT2su8WaUI/NsXiVJAVx076uzrDP0E1g4TkK0NTTT6CokjLQ=="
    }
  }
}
